
Microsoft Visual Studio Solution File, Format Version 12.00
# Visual Studio Version 16
VisualStudioVersion = 16.0.29418.71
MinimumVisualStudioVersion = 10.0.40219.1
Project("{9A19103F-16F7-4668-BE54-9A1E7A4F7556}") = "Tests", "Tests\Tests.csproj", "{69EE448A-E42E-47C6-80FE-D79B5B6B0814}"
EndProject
Project("{9A19103F-16F7-4668-BE54-9A1E7A4F7556}") = "Data Layer", "Data Layer\Data Layer.csproj", "{EE35E829-6241-4C77-BAA9-619DA0984DD0}"
EndProject
Project("{9A19103F-16F7-4668-BE54-9A1E7A4F7556}") = "Data Layer Abstractions", "Data Layer Abstractions\Data Layer Abstractions.csproj", "{D4209DC4-7FAE-4461-AD0F-9CE5C365CCBC}"
EndProject
Project("{9A19103F-16F7-4668-BE54-9A1E7A4F7556}") = "Models", "Models\Models.csproj", "{2FC3652A-659C-44BB-98B9-C68BD0E730DF}"
EndProject
Project("{9A19103F-16F7-4668-BE54-9A1E7A4F7556}") = "SOVA", "SOVA\SOVA.csproj", "{2EE7F693-5D53-4870-96B5-26FEC2A3E2CA}"
EndProject
Global
	GlobalSection(SolutionConfigurationPlatforms) = preSolution
		Debug|Any CPU = Debug|Any CPU
		Release|Any CPU = Release|Any CPU
	EndGlobalSection
	GlobalSection(ProjectConfigurationPlatforms) = postSolution
		{69EE448A-E42E-47C6-80FE-D79B5B6B0814}.Debug|Any CPU.ActiveCfg = Debug|Any CPU
		{69EE448A-E42E-47C6-80FE-D79B5B6B0814}.Debug|Any CPU.Build.0 = Debug|Any CPU
		{69EE448A-E42E-47C6-80FE-D79B5B6B0814}.Release|Any CPU.ActiveCfg = Release|Any CPU
		{69EE448A-E42E-47C6-80FE-D79B5B6B0814}.Release|Any CPU.Build.0 = Release|Any CPU
		{EE35E829-6241-4C77-BAA9-619DA0984DD0}.Debug|Any CPU.ActiveCfg = Debug|Any CPU
		{EE35E829-6241-4C77-BAA9-619DA0984DD0}.Debug|Any CPU.Build.0 = Debug|Any CPU
		{EE35E829-6241-4C77-BAA9-619DA0984DD0}.Release|Any CPU.ActiveCfg = Release|Any CPU
		{EE35E829-6241-4C77-BAA9-619DA0984DD0}.Release|Any CPU.Build.0 = Release|Any CPU
		{D4209DC4-7FAE-4461-AD0F-9CE5C365CCBC}.Debug|Any CPU.ActiveCfg = Debug|Any CPU
		{D4209DC4-7FAE-4461-AD0F-9CE5C365CCBC}.Debug|Any CPU.Build.0 = Debug|Any CPU
		{D4209DC4-7FAE-4461-AD0F-9CE5C365CCBC}.Release|Any CPU.ActiveCfg = Release|Any CPU
		{D4209DC4-7FAE-4461-AD0F-9CE5C365CCBC}.Release|Any CPU.Build.0 = Release|Any CPU
		{2FC3652A-659C-44BB-98B9-C68BD0E730DF}.Debug|Any CPU.ActiveCfg = Debug|Any CPU
		{2FC3652A-659C-44BB-98B9-C68BD0E730DF}.Debug|Any CPU.Build.0 = Debug|Any CPU
		{2FC3652A-659C-44BB-98B9-C68BD0E730DF}.Release|Any CPU.ActiveCfg = Release|Any CPU
		{2FC3652A-659C-44BB-98B9-C68BD0E730DF}.Release|Any CPU.Build.0 = Release|Any CPU
		{2EE7F693-5D53-4870-96B5-26FEC2A3E2CA}.Debug|Any CPU.ActiveCfg = Debug|Any CPU
		{2EE7F693-5D53-4870-96B5-26FEC2A3E2CA}.Debug|Any CPU.Build.0 = Debug|Any CPU
		{2EE7F693-5D53-4870-96B5-26FEC2A3E2CA}.Release|Any CPU.ActiveCfg = Release|Any CPU
		{2EE7F693-5D53-4870-96B5-26FEC2A3E2CA}.Release|Any CPU.Build.0 = Release|Any CPU
	EndGlobalSection
	GlobalSection(SolutionProperties) = preSolution
		HideSolutionNode = FALSE
	EndGlobalSection
	GlobalSection(ExtensibilityGlobals) = postSolution
		SolutionGuid = {77CE8CCD-7CB6-407B-BA8B-725A1E25798D}
	EndGlobalSection
EndGlobal
