
Microsoft Visual Studio Solution File, Format Version 12.00
# Visual Studio Version 16
VisualStudioVersion = 16.0.29418.71
MinimumVisualStudioVersion = 10.0.40219.1
Project("{9A19103F-16F7-4668-BE54-9A1E7A4F7556}") = "2. Data Layer Abstractions", "2. Data Layer Abstractions\2. Data Layer Abstractions.csproj", "{B0186D82-A3CB-4630-84FE-3FB48EA40F66}"
EndProject
Project("{9A19103F-16F7-4668-BE54-9A1E7A4F7556}") = "3. Data Layer", "3. Data Layer\3. Data Layer.csproj", "{4462C8D0-5D7C-4C67-9074-A979F60C24A7}"
EndProject
Project("{9A19103F-16F7-4668-BE54-9A1E7A4F7556}") = "0. Models", "0. Models\0. Models.csproj", "{F4BF3FD5-D3C7-4820-BB32-643C6C29CF97}"
EndProject
Project("{9A19103F-16F7-4668-BE54-9A1E7A4F7556}") = "Tests", "Tests\Tests.csproj", "{69EE448A-E42E-47C6-80FE-D79B5B6B0814}"
EndProject
Project("{9A19103F-16F7-4668-BE54-9A1E7A4F7556}") = "1. SOVA", "1. SOVA\1. SOVA.csproj", "{5EED6ECF-8842-4830-9DA1-AC56FDDB76BF}"
EndProject
Global
	GlobalSection(SolutionConfigurationPlatforms) = preSolution
		Debug|Any CPU = Debug|Any CPU
		Release|Any CPU = Release|Any CPU
	EndGlobalSection
	GlobalSection(ProjectConfigurationPlatforms) = postSolution
		{B0186D82-A3CB-4630-84FE-3FB48EA40F66}.Debug|Any CPU.ActiveCfg = Debug|Any CPU
		{B0186D82-A3CB-4630-84FE-3FB48EA40F66}.Debug|Any CPU.Build.0 = Debug|Any CPU
		{B0186D82-A3CB-4630-84FE-3FB48EA40F66}.Release|Any CPU.ActiveCfg = Release|Any CPU
		{B0186D82-A3CB-4630-84FE-3FB48EA40F66}.Release|Any CPU.Build.0 = Release|Any CPU
		{4462C8D0-5D7C-4C67-9074-A979F60C24A7}.Debug|Any CPU.ActiveCfg = Debug|Any CPU
		{4462C8D0-5D7C-4C67-9074-A979F60C24A7}.Debug|Any CPU.Build.0 = Debug|Any CPU
		{4462C8D0-5D7C-4C67-9074-A979F60C24A7}.Release|Any CPU.ActiveCfg = Release|Any CPU
		{4462C8D0-5D7C-4C67-9074-A979F60C24A7}.Release|Any CPU.Build.0 = Release|Any CPU
		{F4BF3FD5-D3C7-4820-BB32-643C6C29CF97}.Debug|Any CPU.ActiveCfg = Debug|Any CPU
		{F4BF3FD5-D3C7-4820-BB32-643C6C29CF97}.Debug|Any CPU.Build.0 = Debug|Any CPU
		{F4BF3FD5-D3C7-4820-BB32-643C6C29CF97}.Release|Any CPU.ActiveCfg = Release|Any CPU
		{F4BF3FD5-D3C7-4820-BB32-643C6C29CF97}.Release|Any CPU.Build.0 = Release|Any CPU
		{69EE448A-E42E-47C6-80FE-D79B5B6B0814}.Debug|Any CPU.ActiveCfg = Debug|Any CPU
		{69EE448A-E42E-47C6-80FE-D79B5B6B0814}.Debug|Any CPU.Build.0 = Debug|Any CPU
		{69EE448A-E42E-47C6-80FE-D79B5B6B0814}.Release|Any CPU.ActiveCfg = Release|Any CPU
		{69EE448A-E42E-47C6-80FE-D79B5B6B0814}.Release|Any CPU.Build.0 = Release|Any CPU
		{5EED6ECF-8842-4830-9DA1-AC56FDDB76BF}.Debug|Any CPU.ActiveCfg = Debug|Any CPU
		{5EED6ECF-8842-4830-9DA1-AC56FDDB76BF}.Debug|Any CPU.Build.0 = Debug|Any CPU
		{5EED6ECF-8842-4830-9DA1-AC56FDDB76BF}.Release|Any CPU.ActiveCfg = Release|Any CPU
		{5EED6ECF-8842-4830-9DA1-AC56FDDB76BF}.Release|Any CPU.Build.0 = Release|Any CPU
	EndGlobalSection
	GlobalSection(SolutionProperties) = preSolution
		HideSolutionNode = FALSE
	EndGlobalSection
	GlobalSection(ExtensibilityGlobals) = postSolution
		SolutionGuid = {77CE8CCD-7CB6-407B-BA8B-725A1E25798D}
	EndGlobalSection
EndGlobal
